
Microsoft Visual Studio Solution File, Format Version 12.00
Project("{FAE04EC0-301F-11D3-BF4B-00C04F79EFBC}") = "Polling", "Polling\Polling.csproj", "{473087B7-BFC5-480D-8295-85C77FC8C9A9}"
EndProject
Global
	GlobalSection(SolutionConfigurationPlatforms) = preSolution
		Debug|Any CPU = Debug|Any CPU
		Release|Any CPU = Release|Any CPU
	EndGlobalSection
	GlobalSection(ProjectConfigurationPlatforms) = postSolution
		{473087B7-BFC5-480D-8295-85C77FC8C9A9}.Debug|Any CPU.ActiveCfg = Debug|Any CPU
		{473087B7-BFC5-480D-8295-85C77FC8C9A9}.Debug|Any CPU.Build.0 = Debug|Any CPU
		{473087B7-BFC5-480D-8295-85C77FC8C9A9}.Release|Any CPU.ActiveCfg = Release|Any CPU
		{473087B7-BFC5-480D-8295-85C77FC8C9A9}.Release|Any CPU.Build.0 = Release|Any CPU
	EndGlobalSection
EndGlobal
